
Microsoft Visual Studio Solution File, Format Version 12.00
# Visual Studio 15
Project("{FAE04EC0-301F-11D3-BF4B-00C04F79EFBC}") = "WatchPortalFunction", "WatchPortalFunction\WatchPortalFunction.csproj", "{2170B431-32F1-4CF2-A9C6-09EE590F8B0F}"
EndProject
Project("{FAE04EC0-301F-11D3-BF4B-00C04F79EFBC}") = "WatchFunctionsTests", "WatchFunctionsTests\WatchFunctionsTests.csproj", "{B00D6B99-35C8-4A6F-B927-C99DD1161E5A}"
EndProject
Global
	GlobalSection(SolutionConfigurationPlatforms) = preSolution
		Debug|Any CPU = Debug|Any CPU
		Release|Any CPU = Release|Any CPU
	EndGlobalSection
	GlobalSection(ProjectConfigurationPlatforms) = postSolution
		{2170B431-32F1-4CF2-A9C6-09EE590F8B0F}.Debug|Any CPU.ActiveCfg = Debug|Any CPU
		{2170B431-32F1-4CF2-A9C6-09EE590F8B0F}.Debug|Any CPU.Build.0 = Debug|Any CPU
		{2170B431-32F1-4CF2-A9C6-09EE590F8B0F}.Release|Any CPU.ActiveCfg = Release|Any CPU
		{2170B431-32F1-4CF2-A9C6-09EE590F8B0F}.Release|Any CPU.Build.0 = Release|Any CPU
		{B00D6B99-35C8-4A6F-B927-C99DD1161E5A}.Debug|Any CPU.ActiveCfg = Debug|Any CPU
		{B00D6B99-35C8-4A6F-B927-C99DD1161E5A}.Debug|Any CPU.Build.0 = Debug|Any CPU
		{B00D6B99-35C8-4A6F-B927-C99DD1161E5A}.Release|Any CPU.ActiveCfg = Release|Any CPU
		{B00D6B99-35C8-4A6F-B927-C99DD1161E5A}.Release|Any CPU.Build.0 = Release|Any CPU
	EndGlobalSection
EndGlobal
